// !$*UTF8*$!
{
	archiveVersion = 1;
	classes = {
	};
	objectVersion = 56;
	objects = {

/* Begin PBXBuildFile section */
		3A8E79C2CB3F45D4A7C5F24F /* AppState.swift in Sources */ = {isa = PBXBuildFile; fileRef = 53E066511A3D452DBB0EB427 /* AppState.swift */; };
		8A8B9A2E15B345ED839577C0 /* SpeechPlayer.swift in Sources */ = {isa = PBXBuildFile; fileRef = 3B54B31B68A3433EA0271BFF /* SpeechPlayer.swift */; };
		120C6788522F4A89B7ECD7CE /* GlobalTriggerMonitor.swift in Sources */ = {isa = PBXBuildFile; fileRef = C0255FA8E7B149F7BBAD8CED /* GlobalTriggerMonitor.swift */; };
		E7610450FE9F40D3898C6AD3 /* ReadItApp.swift in Sources */ = {isa = PBXBuildFile; fileRef = 909C9A41AB304232B5D8B956 /* ReadItApp.swift */; };
		7373199BDA7642CEB719A049 /* KeychainStore.swift in Sources */ = {isa = PBXBuildFile; fileRef = 885D9D8AAF3F46908AE436E4 /* KeychainStore.swift */; };
		A0F1BF627ADE4A2FBEDBE784 /* SelectionReader.swift in Sources */ = {isa = PBXBuildFile; fileRef = 96D530829A61404A80AE7C28 /* SelectionReader.swift */; };
		3E9B7857C8A04E0094AC22BD /* ReadItServicesProvider.swift in Sources */ = {isa = PBXBuildFile; fileRef = C97B1C7189E3438DA150BA66 /* ReadItServicesProvider.swift */; };
		5DF686180FFF4709BE94C6AF /* Theme.swift in Sources */ = {isa = PBXBuildFile; fileRef = 332686F0F78C4632B14FE423 /* Theme.swift */; };
		E375E2156C9A4542BE2B83A0 /* MenuBarExtraContent.swift in Sources */ = {isa = PBXBuildFile; fileRef = F641380512DD458997989546 /* MenuBarExtraContent.swift */; };
		01D8E68882DF4AF2A116B3E6 /* OnboardingView.swift in Sources */ = {isa = PBXBuildFile; fileRef = 0902380E12074E2EB44F2B96 /* OnboardingView.swift */; };
		807FBE5DFE5242D8930F512A /* SettingsView.swift in Sources */ = {isa = PBXBuildFile; fileRef = B1EEBEDA08A84160B0A0F121 /* SettingsView.swift */; };
		7C264185ACD44F8495D2B144 /* ReadItTests.swift in Sources */ = {isa = PBXBuildFile; fileRef = CBB0634484084F8A83B5E3FB /* ReadItTests.swift */; };
		C6B2C9F1397D4A849D73D388 /* ReadItCore in Frameworks */ = {isa = PBXBuildFile; productRef = C6B2C9F1397D4A849D73D388_PROD /* ReadItCore */; };
/* End PBXBuildFile section */

/* Begin PBXFileReference section */
		7870373AAC2B4E21B249FC33 /* ReadIt.app */ = {isa = PBXFileReference; explicitFileType = wrapper.application; includeInIndex = 0; path = ReadIt.app; sourceTree = BUILT_PRODUCTS_DIR; };
		C6C38DBE13D44312961163E9 /* ReadItTests.xctest */ = {isa = PBXFileReference; explicitFileType = wrapper.cfbundle; includeInIndex = 0; path = ReadItTests.xctest; sourceTree = BUILT_PRODUCTS_DIR; };
		0FEC4D228F9D413396289BA9 /* Info.plist */ = {isa = PBXFileReference; lastKnownFileType = text.plist.xml; path = Info.plist; sourceTree = "<group>"; };
		53E066511A3D452DBB0EB427 /* AppState.swift */ = {isa = PBXFileReference; lastKnownFileType = sourcecode.swift; path = AppState.swift; sourceTree = "<group>"; };
		3B54B31B68A3433EA0271BFF /* SpeechPlayer.swift */ = {isa = PBXFileReference; lastKnownFileType = sourcecode.swift; path = SpeechPlayer.swift; sourceTree = "<group>"; };
		C0255FA8E7B149F7BBAD8CED /* GlobalTriggerMonitor.swift */ = {isa = PBXFileReference; lastKnownFileType = sourcecode.swift; path = GlobalTriggerMonitor.swift; sourceTree = "<group>"; };
		909C9A41AB304232B5D8B956 /* ReadItApp.swift */ = {isa = PBXFileReference; lastKnownFileType = sourcecode.swift; path = ReadItApp.swift; sourceTree = "<group>"; };
		885D9D8AAF3F46908AE436E4 /* KeychainStore.swift */ = {isa = PBXFileReference; lastKnownFileType = sourcecode.swift; path = KeychainStore.swift; sourceTree = "<group>"; };
		96D530829A61404A80AE7C28 /* SelectionReader.swift */ = {isa = PBXFileReference; lastKnownFileType = sourcecode.swift; path = SelectionReader.swift; sourceTree = "<group>"; };
		C97B1C7189E3438DA150BA66 /* ReadItServicesProvider.swift */ = {isa = PBXFileReference; lastKnownFileType = sourcecode.swift; path = ReadItServicesProvider.swift; sourceTree = "<group>"; };
		332686F0F78C4632B14FE423 /* Theme.swift */ = {isa = PBXFileReference; lastKnownFileType = sourcecode.swift; path = Theme.swift; sourceTree = "<group>"; };
		F641380512DD458997989546 /* MenuBarExtraContent.swift */ = {isa = PBXFileReference; lastKnownFileType = sourcecode.swift; path = MenuBarExtraContent.swift; sourceTree = "<group>"; };
		0902380E12074E2EB44F2B96 /* OnboardingView.swift */ = {isa = PBXFileReference; lastKnownFileType = sourcecode.swift; path = OnboardingView.swift; sourceTree = "<group>"; };
		B1EEBEDA08A84160B0A0F121 /* SettingsView.swift */ = {isa = PBXFileReference; lastKnownFileType = sourcecode.swift; path = SettingsView.swift; sourceTree = "<group>"; };
		CBB0634484084F8A83B5E3FB /* ReadItTests.swift */ = {isa = PBXFileReference; lastKnownFileType = sourcecode.swift; path = ReadItTests.swift; sourceTree = "<group>"; };
/* End PBXFileReference section */

/* Begin PBXFrameworksBuildPhase section */
		34A430D85B8D4B56968A812C /* Frameworks */ = {
			isa = PBXFrameworksBuildPhase;
			buildActionMask = 2147483647;
			files = (
				C6B2C9F1397D4A849D73D388 /* ReadItCore in Frameworks */,
			);
			runOnlyForDeploymentPostprocessing = 0;
		};
/* End PBXFrameworksBuildPhase section */

/* Begin PBXGroup section */
		4DBC7D7BFD4E4D4289F6F799 = {
			isa = PBXGroup;
			children = (
				D8D82F8C69CE4221A8592896 /* ReadIt */,
				6225598A210E4EF698B60251 /* ReadItTests */,
				E09393138F204D9BA6FA64BF /* Products */,
			);
			sourceTree = "<group>";
		};
		E09393138F204D9BA6FA64BF /* Products */ = {
			isa = PBXGroup;
			children = (
				7870373AAC2B4E21B249FC33 /* ReadIt.app */,
				C6C38DBE13D44312961163E9 /* ReadItTests.xctest */,
			);
			name = Products;
			sourceTree = "<group>";
		};
		D8D82F8C69CE4221A8592896 /* ReadIt */ = {
			isa = PBXGroup;
			children = (
				53E066511A3D452DBB0EB427 /* AppState.swift */,
				3B54B31B68A3433EA0271BFF /* SpeechPlayer.swift */,
				C0255FA8E7B149F7BBAD8CED /* GlobalTriggerMonitor.swift */,
				909C9A41AB304232B5D8B956 /* ReadItApp.swift */,
				885D9D8AAF3F46908AE436E4 /* KeychainStore.swift */,
				96D530829A61404A80AE7C28 /* SelectionReader.swift */,
				C97B1C7189E3438DA150BA66 /* ReadItServicesProvider.swift */,
				332686F0F78C4632B14FE423 /* Theme.swift */,
				F641380512DD458997989546 /* MenuBarExtraContent.swift */,
				0902380E12074E2EB44F2B96 /* OnboardingView.swift */,
				B1EEBEDA08A84160B0A0F121 /* SettingsView.swift */,
				0FEC4D228F9D413396289BA9 /* Info.plist */,
			);
			path = ReadIt;
			sourceTree = "<group>";
		};
		6225598A210E4EF698B60251 /* ReadItTests */ = {
			isa = PBXGroup;
			children = (
				CBB0634484084F8A83B5E3FB /* ReadItTests.swift */,
			);
			path = ReadItTests;
			sourceTree = "<group>";
		};
/* End PBXGroup section */

/* Begin PBXNativeTarget section */
		52CFCF6BE734497484DD4309 /* ReadIt */ = {
			isa = PBXNativeTarget;
			buildConfigurationList = CD70A083C17B4ABD9FE3061B /* Build configuration list for PBXNativeTarget "ReadIt" */;
			buildPhases = (
				B7B0FE1121CC41169C3C9D8A /* Sources */,
				34A430D85B8D4B56968A812C /* Frameworks */,
				86F56A2086734CCA83AF7AC7 /* Resources */,
			);
			buildRules = (
			);
			dependencies = (
			);
			name = ReadIt;
			packageProductDependencies = (
				C6B2C9F1397D4A849D73D388_PROD /* ReadItCore */,
			);
			productName = ReadIt;
			productReference = 7870373AAC2B4E21B249FC33 /* ReadIt.app */;
			productType = "com.apple.product-type.application";
		};
		673C59D51DB941859F9A4D48 /* ReadItTests */ = {
			isa = PBXNativeTarget;
			buildConfigurationList = DDBC9317769B48B1842AF2B2 /* Build configuration list for PBXNativeTarget "ReadItTests" */;
			buildPhases = (
				CA9759D54C0748E88FF3E9A7 /* Sources */,
			);
			buildRules = (
			);
			dependencies = (
			);
			name = ReadItTests;
			productName = ReadItTests;
			productReference = C6C38DBE13D44312961163E9 /* ReadItTests.xctest */;
			productType = "com.apple.product-type.bundle.unit-test";
		};
/* End PBXNativeTarget section */

/* Begin PBXProject section */
		866ED08BF1E84C9786210AC8 /* Project object */ = {
			isa = PBXProject;
			attributes = {
				BuildIndependentTargetsInParallel = 1;
				LastSwiftUpdateCheck = 1500;
				LastUpgradeCheck = 1500;
				TargetAttributes = {
					52CFCF6BE734497484DD4309 = {
						CreatedOnToolsVersion = 15.0;
					};
				};
			};
			buildConfigurationList = DF0CE7C9FE7647F6A24ACC01 /* Build configuration list for PBXProject "ReadIt" */;
			compatibilityVersion = "Xcode 14.0";
			developmentRegion = en;
			hasScannedForEncodings = 0;
			knownRegions = (
				en,
				Base,
			);
			mainGroup = 4DBC7D7BFD4E4D4289F6F799;
			packageReferences = (
				3753E05B780C4B909904D09A /* XCLocalSwiftPackageReference "ReadItCore" */,
			);
			productRefGroup = E09393138F204D9BA6FA64BF /* Products */;
			projectDirPath = "";
			projectRoot = "";
			targets = (
				52CFCF6BE734497484DD4309 /* ReadIt */,
				673C59D51DB941859F9A4D48 /* ReadItTests */,
			);
		};
/* End PBXProject section */

/* Begin PBXResourcesBuildPhase section */
		86F56A2086734CCA83AF7AC7 /* Resources */ = {
			isa = PBXResourcesBuildPhase;
			buildActionMask = 2147483647;
			files = (
			);
			runOnlyForDeploymentPostprocessing = 0;
		};
/* End PBXResourcesBuildPhase section */

/* Begin PBXSourcesBuildPhase section */
		B7B0FE1121CC41169C3C9D8A /* Sources */ = {
			isa = PBXSourcesBuildPhase;
			buildActionMask = 2147483647;
			files = (
				3A8E79C2CB3F45D4A7C5F24F /* AppState.swift in Sources */,
				8A8B9A2E15B345ED839577C0 /* SpeechPlayer.swift in Sources */,
				120C6788522F4A89B7ECD7CE /* GlobalTriggerMonitor.swift in Sources */,
				E7610450FE9F40D3898C6AD3 /* ReadItApp.swift in Sources */,
				7373199BDA7642CEB719A049 /* KeychainStore.swift in Sources */,
				A0F1BF627ADE4A2FBEDBE784 /* SelectionReader.swift in Sources */,
				3E9B7857C8A04E0094AC22BD /* ReadItServicesProvider.swift in Sources */,
				5DF686180FFF4709BE94C6AF /* Theme.swift in Sources */,
				E375E2156C9A4542BE2B83A0 /* MenuBarExtraContent.swift in Sources */,
				01D8E68882DF4AF2A116B3E6 /* OnboardingView.swift in Sources */,
				807FBE5DFE5242D8930F512A /* SettingsView.swift in Sources */,
			);
			runOnlyForDeploymentPostprocessing = 0;
		};
		CA9759D54C0748E88FF3E9A7 /* Sources */ = {
			isa = PBXSourcesBuildPhase;
			buildActionMask = 2147483647;
			files = (
				7C264185ACD44F8495D2B144 /* ReadItTests.swift in Sources */,
			);
			runOnlyForDeploymentPostprocessing = 0;
		};
/* End PBXSourcesBuildPhase section */

/* Begin XCBuildConfiguration section */
		60C93D6742BB45B2890220A8 /* Debug */ = {isa = XCBuildConfiguration;
			buildSettings = {
				ALWAYS_SEARCH_USER_PATHS = NO;
				CLANG_ENABLE_MODULES = YES;
				DEBUG_INFORMATION_FORMAT = dwarf;
				ENABLE_TESTABILITY = YES;
				MACOSX_DEPLOYMENT_TARGET = 14.0;
				ONLY_ACTIVE_ARCH = YES;
				SDKROOT = macosx;
				SWIFT_VERSION = 5.9;
			};
			name = Debug;
		};
		2749346BFAC547B486C94042 /* Release */ = {isa = XCBuildConfiguration;
			buildSettings = {
				ALWAYS_SEARCH_USER_PATHS = NO;
				CLANG_ENABLE_MODULES = YES;
				DEBUG_INFORMATION_FORMAT = dwarf;
				ENABLE_TESTABILITY = YES;
				MACOSX_DEPLOYMENT_TARGET = 14.0;
				ONLY_ACTIVE_ARCH = YES;
				SDKROOT = macosx;
				SWIFT_VERSION = 5.9;
			};
			name = Release;
		};
		015851E6EA5A4083B193A4F8 /* Debug */ = {isa = XCBuildConfiguration;
			buildSettings = {
				CODE_SIGN_STYLE = Automatic;
				COMBINE_HIDPI_IMAGES = YES;
				CURRENT_PROJECT_VERSION = 1;
				ENABLE_APP_SANDBOX = NO;
				ENABLE_HARDENED_RUNTIME = YES;
				ENABLE_PREVIEWS = YES;
				GENERATE_INFOPLIST_FILE = NO;
				INFOPLIST_FILE = ReadIt/Info.plist;
				LD_RUNPATH_SEARCH_PATHS = (
					"$(inherited)",
					"@executable_path/../Frameworks",
				);
				MACOSX_DEPLOYMENT_TARGET = 14.0;
				MARKETING_VERSION = 1.0;
				PRODUCT_BUNDLE_IDENTIFIER = com.readit.app;
				PRODUCT_NAME = "$(TARGET_NAME)";
				SDKROOT = macosx;
				SWIFT_VERSION = 5.9;
			};
			name = Debug;
		};
		521E49FA7D5C4EC2835475D4 /* Release */ = {isa = XCBuildConfiguration;
			buildSettings = {
				CODE_SIGN_STYLE = Automatic;
				COMBINE_HIDPI_IMAGES = YES;
				CURRENT_PROJECT_VERSION = 1;
				ENABLE_APP_SANDBOX = NO;
				ENABLE_HARDENED_RUNTIME = YES;
				ENABLE_PREVIEWS = YES;
				GENERATE_INFOPLIST_FILE = NO;
				INFOPLIST_FILE = ReadIt/Info.plist;
				LD_RUNPATH_SEARCH_PATHS = (
					"$(inherited)",
					"@executable_path/../Frameworks",
				);
				MACOSX_DEPLOYMENT_TARGET = 14.0;
				MARKETING_VERSION = 1.0;
				PRODUCT_BUNDLE_IDENTIFIER = com.readit.app;
				PRODUCT_NAME = "$(TARGET_NAME)";
				SDKROOT = macosx;
				SWIFT_VERSION = 5.9;
			};
			name = Release;
		};
		A892357AF51841DD964BAC5D /* Debug */ = {isa = XCBuildConfiguration;
			buildSettings = {
				BUNDLE_LOADER = "$(TEST_HOST)";
				GENERATE_INFOPLIST_FILE = YES;
				MACOSX_DEPLOYMENT_TARGET = 14.0;
				PRODUCT_BUNDLE_IDENTIFIER = com.readit.app.tests;
				SDKROOT = macosx;
				SWIFT_VERSION = 5.9;
				TEST_HOST = "$(BUILT_PRODUCTS_DIR)/ReadIt.app/Contents/MacOS/ReadIt";
			};
			name = Debug;
		};
		BA472AE7C1CC482997A9C5C9 /* Release */ = {isa = XCBuildConfiguration;
			buildSettings = {
				BUNDLE_LOADER = "$(TEST_HOST)";
				GENERATE_INFOPLIST_FILE = YES;
				MACOSX_DEPLOYMENT_TARGET = 14.0;
				PRODUCT_BUNDLE_IDENTIFIER = com.readit.app.tests;
				SDKROOT = macosx;
				SWIFT_VERSION = 5.9;
				TEST_HOST = "$(BUILT_PRODUCTS_DIR)/ReadIt.app/Contents/MacOS/ReadIt";
			};
			name = Release;
		};
/* End XCBuildConfiguration section */

/* Begin XCConfigurationList section */
		DF0CE7C9FE7647F6A24ACC01 /* Build configuration list for PBXNativeTarget "ReadIt project" */ = {
			isa = XCConfigurationList;
			buildConfigurations = (
				60C93D6742BB45B2890220A8 /* Debug */,
				2749346BFAC547B486C94042 /* Release */,
			);
			defaultConfigurationIsVisible = 0;
			defaultConfigurationName = Release;
		};
		CD70A083C17B4ABD9FE3061B /* Build configuration list for PBXNativeTarget "ReadIt" */ = {
			isa = XCConfigurationList;
			buildConfigurations = (
				015851E6EA5A4083B193A4F8 /* Debug */,
				521E49FA7D5C4EC2835475D4 /* Release */,
			);
			defaultConfigurationIsVisible = 0;
			defaultConfigurationName = Release;
		};
		DDBC9317769B48B1842AF2B2 /* Build configuration list for PBXNativeTarget "ReadItTests" */ = {
			isa = XCConfigurationList;
			buildConfigurations = (
				A892357AF51841DD964BAC5D /* Debug */,
				BA472AE7C1CC482997A9C5C9 /* Release */,
			);
			defaultConfigurationIsVisible = 0;
			defaultConfigurationName = Release;
		};
/* End XCConfigurationList section */

/* Begin XCLocalSwiftPackageReference section */
		3753E05B780C4B909904D09A /* XCLocalSwiftPackageReference "ReadItCore" */ = {
			isa = XCLocalSwiftPackageReference;
			relativePath = ../ReadItCore;
		};
/* End XCLocalSwiftPackageReference section */

/* Begin XCSwiftPackageProductDependency section */
		C6B2C9F1397D4A849D73D388_PROD /* ReadItCore */ = {
			isa = XCSwiftPackageProductDependency;
			productName = ReadItCore;
			package = 3753E05B780C4B909904D09A /* XCLocalSwiftPackageReference "ReadItCore" */;
		};
/* End XCSwiftPackageProductDependency section */
	};
	rootObject = 866ED08BF1E84C9786210AC8 /* Project object */;
}
